
Microsoft Visual Studio Solution File, Format Version 12.00
# Visual Studio Version 17
VisualStudioVersion = 17.12.35707.178
MinimumVisualStudioVersion = 10.0.40219.1
Project("{FAE04EC0-301F-11D3-BF4B-00C04F79EFBC}") = "Domains", "Domains\Domains.csproj", "{EC449A14-37AE-42D0-9C16-2F5A4C600F0A}"
EndProject
Project("{FAE04EC0-301F-11D3-BF4B-00C04F79EFBC}") = "BL", "BL\BL.csproj", "{BE31D553-1B07-47B6-A9E2-60ECF35BC071}"
EndProject
Project("{FAE04EC0-301F-11D3-BF4B-00C04F79EFBC}") = "WepApi", "WepApi\WepApi.csproj", "{E7C48B30-020B-4E6A-B38C-FA5283EB2261}"
EndProject
Project("{FAE04EC0-301F-11D3-BF4B-00C04F79EFBC}") = "DAL", "DAL\DAL.csproj", "{BA693752-6AB4-4B01-8F37-82A55C11534E}"
EndProject
Project("{FAE04EC0-301F-11D3-BF4B-00C04F79EFBC}") = "UI", "UI\UI.csproj", "{75DEE596-A988-41F5-9F91-F3A7DD610AE9}"
EndProject
Global
	GlobalSection(SolutionConfigurationPlatforms) = preSolution
		Debug|Any CPU = Debug|Any CPU
		Release|Any CPU = Release|Any CPU
	EndGlobalSection
	GlobalSection(ProjectConfigurationPlatforms) = postSolution
		{EC449A14-37AE-42D0-9C16-2F5A4C600F0A}.Debug|Any CPU.ActiveCfg = Debug|Any CPU
		{EC449A14-37AE-42D0-9C16-2F5A4C600F0A}.Debug|Any CPU.Build.0 = Debug|Any CPU
		{EC449A14-37AE-42D0-9C16-2F5A4C600F0A}.Release|Any CPU.ActiveCfg = Release|Any CPU
		{EC449A14-37AE-42D0-9C16-2F5A4C600F0A}.Release|Any CPU.Build.0 = Release|Any CPU
		{BE31D553-1B07-47B6-A9E2-60ECF35BC071}.Debug|Any CPU.ActiveCfg = Debug|Any CPU
		{BE31D553-1B07-47B6-A9E2-60ECF35BC071}.Debug|Any CPU.Build.0 = Debug|Any CPU
		{BE31D553-1B07-47B6-A9E2-60ECF35BC071}.Release|Any CPU.ActiveCfg = Release|Any CPU
		{BE31D553-1B07-47B6-A9E2-60ECF35BC071}.Release|Any CPU.Build.0 = Release|Any CPU
		{E7C48B30-020B-4E6A-B38C-FA5283EB2261}.Debug|Any CPU.ActiveCfg = Debug|Any CPU
		{E7C48B30-020B-4E6A-B38C-FA5283EB2261}.Debug|Any CPU.Build.0 = Debug|Any CPU
		{E7C48B30-020B-4E6A-B38C-FA5283EB2261}.Release|Any CPU.ActiveCfg = Release|Any CPU
		{E7C48B30-020B-4E6A-B38C-FA5283EB2261}.Release|Any CPU.Build.0 = Release|Any CPU
		{BA693752-6AB4-4B01-8F37-82A55C11534E}.Debug|Any CPU.ActiveCfg = Debug|Any CPU
		{BA693752-6AB4-4B01-8F37-82A55C11534E}.Debug|Any CPU.Build.0 = Debug|Any CPU
		{BA693752-6AB4-4B01-8F37-82A55C11534E}.Release|Any CPU.ActiveCfg = Release|Any CPU
		{BA693752-6AB4-4B01-8F37-82A55C11534E}.Release|Any CPU.Build.0 = Release|Any CPU
		{75DEE596-A988-41F5-9F91-F3A7DD610AE9}.Debug|Any CPU.ActiveCfg = Debug|Any CPU
		{75DEE596-A988-41F5-9F91-F3A7DD610AE9}.Debug|Any CPU.Build.0 = Debug|Any CPU
		{75DEE596-A988-41F5-9F91-F3A7DD610AE9}.Release|Any CPU.ActiveCfg = Release|Any CPU
		{75DEE596-A988-41F5-9F91-F3A7DD610AE9}.Release|Any CPU.Build.0 = Release|Any CPU
	EndGlobalSection
	GlobalSection(SolutionProperties) = preSolution
		HideSolutionNode = FALSE
	EndGlobalSection
EndGlobal
